// !$*UTF8*$!
{
	archiveVersion = 1;
	classes = {
	};
	objectVersion = 48;
	objects = {

/* Begin PBXBuildFile section */
		BC17A8E42103857000FEFD5B /* AppDelegate.m in Sources */ = {isa = PBXBuildFile; fileRef = BC17A8E32103857000FEFD5B /* AppDelegate.m */; };
		BC17A8E72103857000FEFD5B /* ViewController.m in Sources */ = {isa = PBXBuildFile; fileRef = BC17A8E62103857000FEFD5B /* ViewController.m */; };
		BC17A8EA2103857000FEFD5B /* Main.storyboard in Resources */ = {isa = PBXBuildFile; fileRef = BC17A8E82103857000FEFD5B /* Main.storyboard */; };
		BC17A8EC2103857000FEFD5B /* Assets.xcassets in Resources */ = {isa = PBXBuildFile; fileRef = BC17A8EB2103857000FEFD5B /* Assets.xcassets */; };
		BC17A8EF2103857000FEFD5B /* LaunchScreen.storyboard in Resources */ = {isa = PBXBuildFile; fileRef = BC17A8ED2103857000FEFD5B /* LaunchScreen.storyboard */; };
		BC17A8F22103857000FEFD5B /* main.m in Sources */ = {isa = PBXBuildFile; fileRef = BC17A8F12103857000FEFD5B /* main.m */; };
/* End PBXBuildFile section */

/* Begin PBXFileReference section */
		BC17A8DF2103857000FEFD5B /* YMLayout.app */ = {isa = PBXFileReference; explicitFileType = wrapper.application; includeInIndex = 0; path = YMLayout.app; sourceTree = BUILT_PRODUCTS_DIR; };
		BC17A8E22103857000FEFD5B /* AppDelegate.h */ = {isa = PBXFileReference; lastKnownFileType = sourcecode.c.h; path = AppDelegate.h; sourceTree = "<group>"; };
		BC17A8E32103857000FEFD5B /* AppDelegate.m */ = {isa = PBXFileReference; lastKnownFileType = sourcecode.c.objc; path = AppDelegate.m; sourceTree = "<group>"; };
		BC17A8E52103857000FEFD5B /* ViewController.h */ = {isa = PBXFileReference; lastKnownFileType = sourcecode.c.h; path = ViewController.h; sourceTree = "<group>"; };
		BC17A8E62103857000FEFD5B /* ViewController.m */ = {isa = PBXFileReference; lastKnownFileType = sourcecode.c.objc; path = ViewController.m; sourceTree = "<group>"; };
		BC17A8E92103857000FEFD5B /* Base */ = {isa = PBXFileReference; lastKnownFileType = file.storyboard; name = Base; path = Base.lproj/Main.storyboard; sourceTree = "<group>"; };
		BC17A8EB2103857000FEFD5B /* Assets.xcassets */ = {isa = PBXFileReference; lastKnownFileType = folder.assetcatalog; path = Assets.xcassets; sourceTree = "<group>"; };
		BC17A8EE2103857000FEFD5B /* Base */ = {isa = PBXFileReference; lastKnownFileType = file.storyboard; name = Base; path = Base.lproj/LaunchScreen.storyboard; sourceTree = "<group>"; };
		BC17A8F02103857000FEFD5B /* Info.plist */ = {isa = PBXFileReference; lastKnownFileType = text.plist.xml; path = Info.plist; sourceTree = "<group>"; };
		BC17A8F12103857000FEFD5B /* main.m */ = {isa = PBXFileReference; lastKnownFileType = sourcecode.c.objc; path = main.m; sourceTree = "<group>"; };
/* End PBXFileReference section */

/* Begin PBXFrameworksBuildPhase section */
		BC17A8DC2103857000FEFD5B /* Frameworks */ = {
			isa = PBXFrameworksBuildPhase;
			buildActionMask = 2147483647;
			files = (
			);
			runOnlyForDeploymentPostprocessing = 0;
		};
/* End PBXFrameworksBuildPhase section */

/* Begin PBXGroup section */
		BC17A8D62103857000FEFD5B = {
			isa = PBXGroup;
			children = (
				BC17A8E12103857000FEFD5B /* YMLayout */,
				BC17A8E02103857000FEFD5B /* Products */,
			);
			sourceTree = "<group>";
		};
		BC17A8E02103857000FEFD5B /* Products */ = {
			isa = PBXGroup;
			children = (
				BC17A8DF2103857000FEFD5B /* YMLayout.app */,
			);
			name = Products;
			sourceTree = "<group>";
		};
		BC17A8E12103857000FEFD5B /* YMLayout */ = {
			isa = PBXGroup;
			children = (
				BC17A8E22103857000FEFD5B /* AppDelegate.h */,
				BC17A8E32103857000FEFD5B /* AppDelegate.m */,
				BC17A8E52103857000FEFD5B /* ViewController.h */,
				BC17A8E62103857000FEFD5B /* ViewController.m */,
				BC17A8E82103857000FEFD5B /* Main.storyboard */,
				BC17A8EB2103857000FEFD5B /* Assets.xcassets */,
				BC17A8ED2103857000FEFD5B /* LaunchScreen.storyboard */,
				BC17A8F02103857000FEFD5B /* Info.plist */,
				BC17A8F12103857000FEFD5B /* main.m */,
			);
			path = YMLayout;
			sourceTree = "<group>";
		};
/* End PBXGroup section */

/* Begin PBXNativeTarget section */
		BC17A8DE2103857000FEFD5B /* YMLayout */ = {
			isa = PBXNativeTarget;
			buildConfigurationList = BC17A8F52103857000FEFD5B /* Build configuration list for PBXNativeTarget "YMLayout" */;
			buildPhases = (
				BC17A8DB2103857000FEFD5B /* Sources */,
				BC17A8DC2103857000FEFD5B /* Frameworks */,
				BC17A8DD2103857000FEFD5B /* Resources */,
			);
			buildRules = (
			);
			dependencies = (
			);
			name = YMLayout;
			productName = YMLayout;
			productReference = BC17A8DF2103857000FEFD5B /* YMLayout.app */;
			productType = "com.apple.product-type.application";
		};
/* End PBXNativeTarget section */

/* Begin PBXProject section */
		BC17A8D72103857000FEFD5B /* Project object */ = {
			isa = PBXProject;
			attributes = {
				LastUpgradeCheck = 0920;
				ORGANIZATIONNAME = cym_bj;
				TargetAttributes = {
					BC17A8DE2103857000FEFD5B = {
						CreatedOnToolsVersion = 9.2;
						ProvisioningStyle = Automatic;
					};
				};
			};
			buildConfigurationList = BC17A8DA2103857000FEFD5B /* Build configuration list for PBXProject "YMLayout" */;
			compatibilityVersion = "Xcode 8.0";
			developmentRegion = en;
			hasScannedForEncodings = 0;
			knownRegions = (
				en,
				Base,
			);
			mainGroup = BC17A8D62103857000FEFD5B;
			productRefGroup = BC17A8E02103857000FEFD5B /* Products */;
			projectDirPath = "";
			projectRoot = "";
			targets = (
				BC17A8DE2103857000FEFD5B /* YMLayout */,
			);
		};
/* End PBXProject section */

/* Begin PBXResourcesBuildPhase section */
		BC17A8DD2103857000FEFD5B /* Resources */ = {
			isa = PBXResourcesBuildPhase;
			buildActionMask = 2147483647;
			files = (
				BC17A8EF2103857000FEFD5B /* LaunchScreen.storyboard in Resources */,
				BC17A8EC2103857000FEFD5B /* Assets.xcassets in Resources */,
				BC17A8EA2103857000FEFD5B /* Main.storyboard in Resources */,
			);
			runOnlyForDeploymentPostprocessing = 0;
		};
/* End PBXResourcesBuildPhase section */

/* Begin PBXSourcesBuildPhase section */
		BC17A8DB2103857000FEFD5B /* Sources */ = {
			isa = PBXSourcesBuildPhase;
			buildActionMask = 2147483647;
			files = (
				BC17A8E72103857000FEFD5B /* ViewController.m in Sources */,
				BC17A8F22103857000FEFD5B /* main.m in Sources */,
				BC17A8E42103857000FEFD5B /* AppDelegate.m in Sources */,
			);
			runOnlyForDeploymentPostprocessing = 0;
		};
/* End PBXSourcesBuildPhase section */

/* Begin PBXVariantGroup section */
		BC17A8E82103857000FEFD5B /* Main.storyboard */ = {
			isa = PBXVariantGroup;
			children = (
				BC17A8E92103857000FEFD5B /* Base */,
			);
			name = Main.storyboard;
			sourceTree = "<group>";
		};
		BC17A8ED2103857000FEFD5B /* LaunchScreen.storyboard */ = {
			isa = PBXVariantGroup;
			children = (
				BC17A8EE2103857000FEFD5B /* Base */,
			);
			name = LaunchScreen.storyboard;
			sourceTree = "<group>";
		};
/* End PBXVariantGroup section */

/* Begin XCBuildConfiguration section */
		BC17A8F32103857000FEFD5B /* Debug */ = {
			isa = XCBuildConfiguration;
			buildSettings = {
				ALWAYS_SEARCH_USER_PATHS = NO;
				CLANG_ANALYZER_NONNULL = YES;
				CLANG_ANALYZER_NUMBER_OBJECT_CONVERSION = YES_AGGRESSIVE;
				CLANG_CXX_LANGUAGE_STANDARD = "gnu++14";
				CLANG_CXX_LIBRARY = "libc++";
				CLANG_ENABLE_MODULES = YES;
				CLANG_ENABLE_OBJC_ARC = YES;
				CLANG_WARN_BLOCK_CAPTURE_AUTORELEASING = YES;
				CLANG_WARN_BOOL_CONVERSION = YES;
				CLANG_WARN_COMMA = YES;
				CLANG_WARN_CONSTANT_CONVERSION = YES;
				CLANG_WARN_DIRECT_OBJC_ISA_USAGE = YES_ERROR;
				CLANG_WARN_DOCUMENTATION_COMMENTS = YES;
				CLANG_WARN_EMPTY_BODY = YES;
				CLANG_WARN_ENUM_CONVERSION = YES;
				CLANG_WARN_INFINITE_RECURSION = YES;
				CLANG_WARN_INT_CONVERSION = YES;
				CLANG_WARN_NON_LITERAL_NULL_CONVERSION = YES;
				CLANG_WARN_OBJC_LITERAL_CONVERSION = YES;
				CLANG_WARN_OBJC_ROOT_CLASS = YES_ERROR;
				CLANG_WARN_RANGE_LOOP_ANALYSIS = YES;
				CLANG_WARN_STRICT_PROTOTYPES = YES;
				CLANG_WARN_SUSPICIOUS_MOVE = YES;
				CLANG_WARN_UNGUARDED_AVAILABILITY = YES_AGGRESSIVE;
				CLANG_WARN_UNREACHABLE_CODE = YES;
				CLANG_WARN__DUPLICATE_METHOD_MATCH = YES;
				CODE_SIGN_IDENTITY = "iPhone Developer";
				COPY_PHASE_STRIP = NO;
				DEBUG_INFORMATION_FORMAT = dwarf;
				ENABLE_STRICT_OBJC_MSGSEND = YES;
				ENABLE_TESTABILITY = YES;
				GCC_C_LANGUAGE_STANDARD = gnu11;
				GCC_DYNAMIC_NO_PIC = NO;
				GCC_NO_COMMON_BLOCKS = YES;
				GCC_OPTIMIZATION_LEVEL = 0;
				GCC_PREPROCESSOR_DEFINITIONS = (
					"DEBUG=1",
					"$(inherited)",
				);
				GCC_WARN_64_TO_32_BIT_CONVERSION = YES;
				GCC_WARN_ABOUT_RETURN_TYPE = YES_ERROR;
				GCC_WARN_UNDECLARED_SELECTOR = YES;
				GCC_WARN_UNINITIALIZED_AUTOS = YES_AGGRESSIVE;
				GCC_WARN_UNUSED_FUNCTION = YES;
				GCC_WARN_UNUSED_VARIABLE = YES;
				IPHONEOS_DEPLOYMENT_TARGET = 11.2;
				MTL_ENABLE_DEBUG_INFO = YES;
				ONLY_ACTIVE_ARCH = YES;
				SDKROOT = iphoneos;
			};
			name = Debug;
		};
		BC17A8F42103857000FEFD5B /* Release */ = {
			isa = XCBuildConfiguration;
			buildSettings = {
				ALWAYS_SEARCH_USER_PATHS = NO;
				CLANG_ANALYZER_NONNULL = YES;
				CLANG_ANALYZER_NUMBER_OBJECT_CONVERSION = YES_AGGRESSIVE;
				CLANG_CXX_LANGUAGE_STANDARD = "gnu++14";
				CLANG_CXX_LIBRARY = "libc++";
				CLANG_ENABLE_MODULES = YES;
				CLANG_ENABLE_OBJC_ARC = YES;
				CLANG_WARN_BLOCK_CAPTURE_AUTORELEASING = YES;
				CLANG_WARN_BOOL_CONVERSION = YES;
				CLANG_WARN_COMMA = YES;
				CLANG_WARN_CONSTANT_CONVERSION = YES;
				CLANG_WARN_DIRECT_OBJC_ISA_USAGE = YES_ERROR;
				CLANG_WARN_DOCUMENTATION_COMMENTS = YES;
				CLANG_WARN_EMPTY_BODY = YES;
				CLANG_WARN_ENUM_CONVERSION = YES;
				CLANG_WARN_INFINITE_RECURSION = YES;
				CLANG_WARN_INT_CONVERSION = YES;
				CLANG_WARN_NON_LITERAL_NULL_CONVERSION = YES;
				CLANG_WARN_OBJC_LITERAL_CONVERSION = YES;
				CLANG_WARN_OBJC_ROOT_CLASS = YES_ERROR;
				CLANG_WARN_RANGE_LOOP_ANALYSIS = YES;
				CLANG_WARN_STRICT_PROTOTYPES = YES;
				CLANG_WARN_SUSPICIOUS_MOVE = YES;
				CLANG_WARN_UNGUARDED_AVAILABILITY = YES_AGGRESSIVE;
				CLANG_WARN_UNREACHABLE_CODE = YES;
				CLANG_WARN__DUPLICATE_METHOD_MATCH = YES;
				CODE_SIGN_IDENTITY = "iPhone Developer";
				COPY_PHASE_STRIP = NO;
				DEBUG_INFORMATION_FORMAT = "dwarf-with-dsym";
				ENABLE_NS_ASSERTIONS = NO;
				ENABLE_STRICT_OBJC_MSGSEND = YES;
				GCC_C_LANGUAGE_STANDARD = gnu11;
				GCC_NO_COMMON_BLOCKS = YES;
				GCC_WARN_64_TO_32_BIT_CONVERSION = YES;
				GCC_WARN_ABOUT_RETURN_TYPE = YES_ERROR;
				GCC_WARN_UNDECLARED_SELECTOR = YES;
				GCC_WARN_UNINITIALIZED_AUTOS = YES_AGGRESSIVE;
				GCC_WARN_UNUSED_FUNCTION = YES;
				GCC_WARN_UNUSED_VARIABLE = YES;
				IPHONEOS_DEPLOYMENT_TARGET = 11.2;
				MTL_ENABLE_DEBUG_INFO = NO;
				SDKROOT = iphoneos;
				VALIDATE_PRODUCT = YES;
			};
			name = Release;
		};
		BC17A8F62103857000FEFD5B /* Debug */ = {
			isa = XCBuildConfiguration;
			buildSettings = {
				ASSETCATALOG_COMPILER_APPICON_NAME = AppIcon;
				CODE_SIGN_STYLE = Automatic;
				INFOPLIST_FILE = YMLayout/Info.plist;
				LD_RUNPATH_SEARCH_PATHS = "$(inherited) @executable_path/Frameworks";
				PRODUCT_BUNDLE_IDENTIFIER = "cym-bj.YMLayout";
				PRODUCT_NAME = "$(TARGET_NAME)";
				TARGETED_DEVICE_FAMILY = "1,2";
			};
			name = Debug;
		};
		BC17A8F72103857000FEFD5B /* Release */ = {
			isa = XCBuildConfiguration;
			buildSettings = {
				ASSETCATALOG_COMPILER_APPICON_NAME = AppIcon;
				CODE_SIGN_STYLE = Automatic;
				INFOPLIST_FILE = YMLayout/Info.plist;
				LD_RUNPATH_SEARCH_PATHS = "$(inherited) @executable_path/Frameworks";
				PRODUCT_BUNDLE_IDENTIFIER = "cym-bj.YMLayout";
				PRODUCT_NAME = "$(TARGET_NAME)";
				TARGETED_DEVICE_FAMILY = "1,2";
			};
			name = Release;
		};
/* End XCBuildConfiguration section */

/* Begin XCConfigurationList section */
		BC17A8DA2103857000FEFD5B /* Build configuration list for PBXProject "YMLayout" */ = {
			isa = XCConfigurationList;
			buildConfigurations = (
				BC17A8F32103857000FEFD5B /* Debug */,
				BC17A8F42103857000FEFD5B /* Release */,
			);
			defaultConfigurationIsVisible = 0;
			defaultConfigurationName = Release;
		};
		BC17A8F52103857000FEFD5B /* Build configuration list for PBXNativeTarget "YMLayout" */ = {
			isa = XCConfigurationList;
			buildConfigurations = (
				BC17A8F62103857000FEFD5B /* Debug */,
				BC17A8F72103857000FEFD5B /* Release */,
			);
			defaultConfigurationIsVisible = 0;
			defaultConfigurationName = Release;
		};
/* End XCConfigurationList section */
	};
	rootObject = BC17A8D72103857000FEFD5B /* Project object */;
}
