// !$*UTF8*$!
{
	archiveVersion = 1;
	classes = {
	};
	objectVersion = 48;
	objects = {

/* Begin PBXBuildFile section */
		BC17A8E42103857000FEFD5B /* AppDelegate.m in Sources */ = {isa = PBXBuildFile; fileRef = BC17A8E32103857000FEFD5B /* AppDelegate.m */; };
		BC17A8E72103857000FEFD5B /* ViewController.m in Sources */ = {isa = PBXBuildFile; fileRef = BC17A8E62103857000FEFD5B /* ViewController.m */; };
		BC17A8EA2103857000FEFD5B /* Main.storyboard in Resources */ = {isa = PBXBuildFile; fileRef = BC17A8E82103857000FEFD5B /* Main.storyboard */; };
		BC17A8EC2103857000FEFD5B /* Assets.xcassets in Resources */ = {isa = PBXBuildFile; fileRef = BC17A8EB2103857000FEFD5B /* Assets.xcassets */; };
		BC17A8EF2103857000FEFD5B /* LaunchScreen.storyboard in Resources */ = {isa = PBXBuildFile; fileRef = BC17A8ED2103857000FEFD5B /* LaunchScreen.storyboard */; };
		BC17A8F22103857000FEFD5B /* main.m in Sources */ = {isa = PBXBuildFile; fileRef = BC17A8F12103857000FEFD5B /* main.m */; };
		BC17A916210387F400FEFD5B /* Info.plist in Resources */ = {isa = PBXBuildFile; fileRef = BC17A8FC210387F400FEFD5B /* Info.plist */; };
		BC17A917210387F400FEFD5B /* MASCompositeConstraint.m in Sources */ = {isa = PBXBuildFile; fileRef = BC17A8FE210387F400FEFD5B /* MASCompositeConstraint.m */; };
		BC17A918210387F400FEFD5B /* MASConstraint.m in Sources */ = {isa = PBXBuildFile; fileRef = BC17A901210387F400FEFD5B /* MASConstraint.m */; };
		BC17A919210387F400FEFD5B /* MASConstraintMaker.m in Sources */ = {isa = PBXBuildFile; fileRef = BC17A903210387F400FEFD5B /* MASConstraintMaker.m */; };
		BC17A91A210387F400FEFD5B /* MASLayoutConstraint.m in Sources */ = {isa = PBXBuildFile; fileRef = BC17A905210387F400FEFD5B /* MASLayoutConstraint.m */; };
		BC17A91B210387F400FEFD5B /* MASViewAttribute.m in Sources */ = {isa = PBXBuildFile; fileRef = BC17A909210387F400FEFD5B /* MASViewAttribute.m */; };
		BC17A91C210387F400FEFD5B /* MASViewConstraint.m in Sources */ = {isa = PBXBuildFile; fileRef = BC17A90B210387F400FEFD5B /* MASViewConstraint.m */; };
		BC17A91D210387F400FEFD5B /* NSArray+MASAdditions.m in Sources */ = {isa = PBXBuildFile; fileRef = BC17A90D210387F400FEFD5B /* NSArray+MASAdditions.m */; };
		BC17A91E210387F400FEFD5B /* NSLayoutConstraint+MASDebugAdditions.m in Sources */ = {isa = PBXBuildFile; fileRef = BC17A910210387F400FEFD5B /* NSLayoutConstraint+MASDebugAdditions.m */; };
		BC17A91F210387F400FEFD5B /* View+MASAdditions.m in Sources */ = {isa = PBXBuildFile; fileRef = BC17A912210387F400FEFD5B /* View+MASAdditions.m */; };
		BC17A920210387F400FEFD5B /* ViewController+MASAdditions.m in Sources */ = {isa = PBXBuildFile; fileRef = BC17A915210387F400FEFD5B /* ViewController+MASAdditions.m */; };
		BC3DB90F21041B0200422436 /* YMBaseViewController.m in Sources */ = {isa = PBXBuildFile; fileRef = BC3DB90E21041B0200422436 /* YMBaseViewController.m */; };
		BC3DB91221041B1D00422436 /* YMUpdateConstraintViewController.m in Sources */ = {isa = PBXBuildFile; fileRef = BC3DB91121041B1D00422436 /* YMUpdateConstraintViewController.m */; };
		BC3DB9152104232300422436 /* YMRemakeViewController.m in Sources */ = {isa = PBXBuildFile; fileRef = BC3DB9142104232300422436 /* YMRemakeViewController.m */; };
		BC3DB9182104297B00422436 /* YMUsingViewController.m in Sources */ = {isa = PBXBuildFile; fileRef = BC3DB9172104297B00422436 /* YMUsingViewController.m */; };
		BC3DB91B21042D0500422436 /* YMCompositeEdgesViewController.m in Sources */ = {isa = PBXBuildFile; fileRef = BC3DB91A21042D0500422436 /* YMCompositeEdgesViewController.m */; };
		BC3DB91E2104308100422436 /* YMAspectFItViewController.m in Sources */ = {isa = PBXBuildFile; fileRef = BC3DB91D2104308100422436 /* YMAspectFItViewController.m */; };
/* End PBXBuildFile section */

/* Begin PBXFileReference section */
		BC17A8DF2103857000FEFD5B /* YMLayout.app */ = {isa = PBXFileReference; explicitFileType = wrapper.application; includeInIndex = 0; path = YMLayout.app; sourceTree = BUILT_PRODUCTS_DIR; };
		BC17A8E22103857000FEFD5B /* AppDelegate.h */ = {isa = PBXFileReference; lastKnownFileType = sourcecode.c.h; path = AppDelegate.h; sourceTree = "<group>"; };
		BC17A8E32103857000FEFD5B /* AppDelegate.m */ = {isa = PBXFileReference; lastKnownFileType = sourcecode.c.objc; path = AppDelegate.m; sourceTree = "<group>"; };
		BC17A8E52103857000FEFD5B /* ViewController.h */ = {isa = PBXFileReference; lastKnownFileType = sourcecode.c.h; path = ViewController.h; sourceTree = "<group>"; };
		BC17A8E62103857000FEFD5B /* ViewController.m */ = {isa = PBXFileReference; lastKnownFileType = sourcecode.c.objc; path = ViewController.m; sourceTree = "<group>"; };
		BC17A8E92103857000FEFD5B /* Base */ = {isa = PBXFileReference; lastKnownFileType = file.storyboard; name = Base; path = Base.lproj/Main.storyboard; sourceTree = "<group>"; };
		BC17A8EB2103857000FEFD5B /* Assets.xcassets */ = {isa = PBXFileReference; lastKnownFileType = folder.assetcatalog; path = Assets.xcassets; sourceTree = "<group>"; };
		BC17A8EE2103857000FEFD5B /* Base */ = {isa = PBXFileReference; lastKnownFileType = file.storyboard; name = Base; path = Base.lproj/LaunchScreen.storyboard; sourceTree = "<group>"; };
		BC17A8F02103857000FEFD5B /* Info.plist */ = {isa = PBXFileReference; lastKnownFileType = text.plist.xml; path = Info.plist; sourceTree = "<group>"; };
		BC17A8F12103857000FEFD5B /* main.m */ = {isa = PBXFileReference; lastKnownFileType = sourcecode.c.objc; path = main.m; sourceTree = "<group>"; };
		BC17A8FC210387F400FEFD5B /* Info.plist */ = {isa = PBXFileReference; fileEncoding = 4; lastKnownFileType = text.plist.xml; path = Info.plist; sourceTree = "<group>"; };
		BC17A8FD210387F400FEFD5B /* MASCompositeConstraint.h */ = {isa = PBXFileReference; fileEncoding = 4; lastKnownFileType = sourcecode.c.h; path = MASCompositeConstraint.h; sourceTree = "<group>"; };
		BC17A8FE210387F400FEFD5B /* MASCompositeConstraint.m */ = {isa = PBXFileReference; fileEncoding = 4; lastKnownFileType = sourcecode.c.objc; path = MASCompositeConstraint.m; sourceTree = "<group>"; };
		BC17A8FF210387F400FEFD5B /* MASConstraint+Private.h */ = {isa = PBXFileReference; fileEncoding = 4; lastKnownFileType = sourcecode.c.h; path = "MASConstraint+Private.h"; sourceTree = "<group>"; };
		BC17A900210387F400FEFD5B /* MASConstraint.h */ = {isa = PBXFileReference; fileEncoding = 4; lastKnownFileType = sourcecode.c.h; path = MASConstraint.h; sourceTree = "<group>"; };
		BC17A901210387F400FEFD5B /* MASConstraint.m */ = {isa = PBXFileReference; fileEncoding = 4; lastKnownFileType = sourcecode.c.objc; path = MASConstraint.m; sourceTree = "<group>"; };
		BC17A902210387F400FEFD5B /* MASConstraintMaker.h */ = {isa = PBXFileReference; fileEncoding = 4; lastKnownFileType = sourcecode.c.h; path = MASConstraintMaker.h; sourceTree = "<group>"; };
		BC17A903210387F400FEFD5B /* MASConstraintMaker.m */ = {isa = PBXFileReference; fileEncoding = 4; lastKnownFileType = sourcecode.c.objc; path = MASConstraintMaker.m; sourceTree = "<group>"; };
		BC17A904210387F400FEFD5B /* MASLayoutConstraint.h */ = {isa = PBXFileReference; fileEncoding = 4; lastKnownFileType = sourcecode.c.h; path = MASLayoutConstraint.h; sourceTree = "<group>"; };
		BC17A905210387F400FEFD5B /* MASLayoutConstraint.m */ = {isa = PBXFileReference; fileEncoding = 4; lastKnownFileType = sourcecode.c.objc; path = MASLayoutConstraint.m; sourceTree = "<group>"; };
		BC17A906210387F400FEFD5B /* Masonry.h */ = {isa = PBXFileReference; fileEncoding = 4; lastKnownFileType = sourcecode.c.h; path = Masonry.h; sourceTree = "<group>"; };
		BC17A907210387F400FEFD5B /* MASUtilities.h */ = {isa = PBXFileReference; fileEncoding = 4; lastKnownFileType = sourcecode.c.h; path = MASUtilities.h; sourceTree = "<group>"; };
		BC17A908210387F400FEFD5B /* MASViewAttribute.h */ = {isa = PBXFileReference; fileEncoding = 4; lastKnownFileType = sourcecode.c.h; path = MASViewAttribute.h; sourceTree = "<group>"; };
		BC17A909210387F400FEFD5B /* MASViewAttribute.m */ = {isa = PBXFileReference; fileEncoding = 4; lastKnownFileType = sourcecode.c.objc; path = MASViewAttribute.m; sourceTree = "<group>"; };
		BC17A90A210387F400FEFD5B /* MASViewConstraint.h */ = {isa = PBXFileReference; fileEncoding = 4; lastKnownFileType = sourcecode.c.h; path = MASViewConstraint.h; sourceTree = "<group>"; };
		BC17A90B210387F400FEFD5B /* MASViewConstraint.m */ = {isa = PBXFileReference; fileEncoding = 4; lastKnownFileType = sourcecode.c.objc; path = MASViewConstraint.m; sourceTree = "<group>"; };
		BC17A90C210387F400FEFD5B /* NSArray+MASAdditions.h */ = {isa = PBXFileReference; fileEncoding = 4; lastKnownFileType = sourcecode.c.h; path = "NSArray+MASAdditions.h"; sourceTree = "<group>"; };
		BC17A90D210387F400FEFD5B /* NSArray+MASAdditions.m */ = {isa = PBXFileReference; fileEncoding = 4; lastKnownFileType = sourcecode.c.objc; path = "NSArray+MASAdditions.m"; sourceTree = "<group>"; };
		BC17A90E210387F400FEFD5B /* NSArray+MASShorthandAdditions.h */ = {isa = PBXFileReference; fileEncoding = 4; lastKnownFileType = sourcecode.c.h; path = "NSArray+MASShorthandAdditions.h"; sourceTree = "<group>"; };
		BC17A90F210387F400FEFD5B /* NSLayoutConstraint+MASDebugAdditions.h */ = {isa = PBXFileReference; fileEncoding = 4; lastKnownFileType = sourcecode.c.h; path = "NSLayoutConstraint+MASDebugAdditions.h"; sourceTree = "<group>"; };
		BC17A910210387F400FEFD5B /* NSLayoutConstraint+MASDebugAdditions.m */ = {isa = PBXFileReference; fileEncoding = 4; lastKnownFileType = sourcecode.c.objc; path = "NSLayoutConstraint+MASDebugAdditions.m"; sourceTree = "<group>"; };
		BC17A911210387F400FEFD5B /* View+MASAdditions.h */ = {isa = PBXFileReference; fileEncoding = 4; lastKnownFileType = sourcecode.c.h; path = "View+MASAdditions.h"; sourceTree = "<group>"; };
		BC17A912210387F400FEFD5B /* View+MASAdditions.m */ = {isa = PBXFileReference; fileEncoding = 4; lastKnownFileType = sourcecode.c.objc; path = "View+MASAdditions.m"; sourceTree = "<group>"; };
		BC17A913210387F400FEFD5B /* View+MASShorthandAdditions.h */ = {isa = PBXFileReference; fileEncoding = 4; lastKnownFileType = sourcecode.c.h; path = "View+MASShorthandAdditions.h"; sourceTree = "<group>"; };
		BC17A914210387F400FEFD5B /* ViewController+MASAdditions.h */ = {isa = PBXFileReference; fileEncoding = 4; lastKnownFileType = sourcecode.c.h; path = "ViewController+MASAdditions.h"; sourceTree = "<group>"; };
		BC17A915210387F400FEFD5B /* ViewController+MASAdditions.m */ = {isa = PBXFileReference; fileEncoding = 4; lastKnownFileType = sourcecode.c.objc; path = "ViewController+MASAdditions.m"; sourceTree = "<group>"; };
		BC3DB90D21041B0200422436 /* YMBaseViewController.h */ = {isa = PBXFileReference; fileEncoding = 4; lastKnownFileType = sourcecode.c.h; path = YMBaseViewController.h; sourceTree = "<group>"; };
		BC3DB90E21041B0200422436 /* YMBaseViewController.m */ = {isa = PBXFileReference; fileEncoding = 4; lastKnownFileType = sourcecode.c.objc; path = YMBaseViewController.m; sourceTree = "<group>"; };
		BC3DB91021041B1D00422436 /* YMUpdateConstraintViewController.h */ = {isa = PBXFileReference; lastKnownFileType = sourcecode.c.h; path = YMUpdateConstraintViewController.h; sourceTree = "<group>"; };
		BC3DB91121041B1D00422436 /* YMUpdateConstraintViewController.m */ = {isa = PBXFileReference; lastKnownFileType = sourcecode.c.objc; path = YMUpdateConstraintViewController.m; sourceTree = "<group>"; };
		BC3DB9132104232300422436 /* YMRemakeViewController.h */ = {isa = PBXFileReference; lastKnownFileType = sourcecode.c.h; path = YMRemakeViewController.h; sourceTree = "<group>"; };
		BC3DB9142104232300422436 /* YMRemakeViewController.m */ = {isa = PBXFileReference; lastKnownFileType = sourcecode.c.objc; path = YMRemakeViewController.m; sourceTree = "<group>"; };
		BC3DB9162104297B00422436 /* YMUsingViewController.h */ = {isa = PBXFileReference; lastKnownFileType = sourcecode.c.h; path = YMUsingViewController.h; sourceTree = "<group>"; };
		BC3DB9172104297B00422436 /* YMUsingViewController.m */ = {isa = PBXFileReference; lastKnownFileType = sourcecode.c.objc; path = YMUsingViewController.m; sourceTree = "<group>"; };
		BC3DB91921042D0500422436 /* YMCompositeEdgesViewController.h */ = {isa = PBXFileReference; lastKnownFileType = sourcecode.c.h; path = YMCompositeEdgesViewController.h; sourceTree = "<group>"; };
		BC3DB91A21042D0500422436 /* YMCompositeEdgesViewController.m */ = {isa = PBXFileReference; lastKnownFileType = sourcecode.c.objc; path = YMCompositeEdgesViewController.m; sourceTree = "<group>"; };
		BC3DB91C2104308100422436 /* YMAspectFItViewController.h */ = {isa = PBXFileReference; lastKnownFileType = sourcecode.c.h; path = YMAspectFItViewController.h; sourceTree = "<group>"; };
		BC3DB91D2104308100422436 /* YMAspectFItViewController.m */ = {isa = PBXFileReference; lastKnownFileType = sourcecode.c.objc; path = YMAspectFItViewController.m; sourceTree = "<group>"; };
/* End PBXFileReference section */

/* Begin PBXFrameworksBuildPhase section */
		BC17A8DC2103857000FEFD5B /* Frameworks */ = {
			isa = PBXFrameworksBuildPhase;
			buildActionMask = 2147483647;
			files = (
			);
			runOnlyForDeploymentPostprocessing = 0;
		};
/* End PBXFrameworksBuildPhase section */

/* Begin PBXGroup section */
		BC17A8D62103857000FEFD5B = {
			isa = PBXGroup;
			children = (
				BC17A8E12103857000FEFD5B /* YMLayout */,
				BC17A8E02103857000FEFD5B /* Products */,
			);
			sourceTree = "<group>";
		};
		BC17A8E02103857000FEFD5B /* Products */ = {
			isa = PBXGroup;
			children = (
				BC17A8DF2103857000FEFD5B /* YMLayout.app */,
			);
			name = Products;
			sourceTree = "<group>";
		};
		BC17A8E12103857000FEFD5B /* YMLayout */ = {
			isa = PBXGroup;
			children = (
				BC3DB90C21041B0200422436 /* VC */,
				BC17A8FB210387F400FEFD5B /* Masonry */,
				BC17A8E22103857000FEFD5B /* AppDelegate.h */,
				BC17A8E32103857000FEFD5B /* AppDelegate.m */,
				BC17A8E52103857000FEFD5B /* ViewController.h */,
				BC17A8E62103857000FEFD5B /* ViewController.m */,
				BC17A8E82103857000FEFD5B /* Main.storyboard */,
				BC17A8EB2103857000FEFD5B /* Assets.xcassets */,
				BC17A8ED2103857000FEFD5B /* LaunchScreen.storyboard */,
				BC17A8F02103857000FEFD5B /* Info.plist */,
				BC17A8F12103857000FEFD5B /* main.m */,
			);
			path = YMLayout;
			sourceTree = "<group>";
		};
		BC17A8FB210387F400FEFD5B /* Masonry */ = {
			isa = PBXGroup;
			children = (
				BC17A8FC210387F400FEFD5B /* Info.plist */,
				BC17A8FD210387F400FEFD5B /* MASCompositeConstraint.h */,
				BC17A8FE210387F400FEFD5B /* MASCompositeConstraint.m */,
				BC17A8FF210387F400FEFD5B /* MASConstraint+Private.h */,
				BC17A900210387F400FEFD5B /* MASConstraint.h */,
				BC17A901210387F400FEFD5B /* MASConstraint.m */,
				BC17A902210387F400FEFD5B /* MASConstraintMaker.h */,
				BC17A903210387F400FEFD5B /* MASConstraintMaker.m */,
				BC17A904210387F400FEFD5B /* MASLayoutConstraint.h */,
				BC17A905210387F400FEFD5B /* MASLayoutConstraint.m */,
				BC17A906210387F400FEFD5B /* Masonry.h */,
				BC17A907210387F400FEFD5B /* MASUtilities.h */,
				BC17A908210387F400FEFD5B /* MASViewAttribute.h */,
				BC17A909210387F400FEFD5B /* MASViewAttribute.m */,
				BC17A90A210387F400FEFD5B /* MASViewConstraint.h */,
				BC17A90B210387F400FEFD5B /* MASViewConstraint.m */,
				BC17A90C210387F400FEFD5B /* NSArray+MASAdditions.h */,
				BC17A90D210387F400FEFD5B /* NSArray+MASAdditions.m */,
				BC17A90E210387F400FEFD5B /* NSArray+MASShorthandAdditions.h */,
				BC17A90F210387F400FEFD5B /* NSLayoutConstraint+MASDebugAdditions.h */,
				BC17A910210387F400FEFD5B /* NSLayoutConstraint+MASDebugAdditions.m */,
				BC17A911210387F400FEFD5B /* View+MASAdditions.h */,
				BC17A912210387F400FEFD5B /* View+MASAdditions.m */,
				BC17A913210387F400FEFD5B /* View+MASShorthandAdditions.h */,
				BC17A914210387F400FEFD5B /* ViewController+MASAdditions.h */,
				BC17A915210387F400FEFD5B /* ViewController+MASAdditions.m */,
			);
			path = Masonry;
			sourceTree = "<group>";
		};
		BC3DB90C21041B0200422436 /* VC */ = {
			isa = PBXGroup;
			children = (
				BC3DB90D21041B0200422436 /* YMBaseViewController.h */,
				BC3DB90E21041B0200422436 /* YMBaseViewController.m */,
				BC3DB91021041B1D00422436 /* YMUpdateConstraintViewController.h */,
				BC3DB91121041B1D00422436 /* YMUpdateConstraintViewController.m */,
				BC3DB9132104232300422436 /* YMRemakeViewController.h */,
				BC3DB9142104232300422436 /* YMRemakeViewController.m */,
				BC3DB9162104297B00422436 /* YMUsingViewController.h */,
				BC3DB9172104297B00422436 /* YMUsingViewController.m */,
				BC3DB91921042D0500422436 /* YMCompositeEdgesViewController.h */,
				BC3DB91A21042D0500422436 /* YMCompositeEdgesViewController.m */,
				BC3DB91C2104308100422436 /* YMAspectFItViewController.h */,
				BC3DB91D2104308100422436 /* YMAspectFItViewController.m */,
			);
			path = VC;
			sourceTree = "<group>";
		};
/* End PBXGroup section */

/* Begin PBXNativeTarget section */
		BC17A8DE2103857000FEFD5B /* YMLayout */ = {
			isa = PBXNativeTarget;
			buildConfigurationList = BC17A8F52103857000FEFD5B /* Build configuration list for PBXNativeTarget "YMLayout" */;
			buildPhases = (
				BC17A8DB2103857000FEFD5B /* Sources */,
				BC17A8DC2103857000FEFD5B /* Frameworks */,
				BC17A8DD2103857000FEFD5B /* Resources */,
			);
			buildRules = (
			);
			dependencies = (
			);
			name = YMLayout;
			productName = YMLayout;
			productReference = BC17A8DF2103857000FEFD5B /* YMLayout.app */;
			productType = "com.apple.product-type.application";
		};
/* End PBXNativeTarget section */

/* Begin PBXProject section */
		BC17A8D72103857000FEFD5B /* Project object */ = {
			isa = PBXProject;
			attributes = {
				CLASSPREFIX = YM;
				LastUpgradeCheck = 0920;
				ORGANIZATIONNAME = cym_bj;
				TargetAttributes = {
					BC17A8DE2103857000FEFD5B = {
						CreatedOnToolsVersion = 9.2;
						ProvisioningStyle = Automatic;
					};
				};
			};
			buildConfigurationList = BC17A8DA2103857000FEFD5B /* Build configuration list for PBXProject "YMLayout" */;
			compatibilityVersion = "Xcode 8.0";
			developmentRegion = en;
			hasScannedForEncodings = 0;
			knownRegions = (
				en,
				Base,
			);
			mainGroup = BC17A8D62103857000FEFD5B;
			productRefGroup = BC17A8E02103857000FEFD5B /* Products */;
			projectDirPath = "";
			projectRoot = "";
			targets = (
				BC17A8DE2103857000FEFD5B /* YMLayout */,
			);
		};
/* End PBXProject section */

/* Begin PBXResourcesBuildPhase section */
		BC17A8DD2103857000FEFD5B /* Resources */ = {
			isa = PBXResourcesBuildPhase;
			buildActionMask = 2147483647;
			files = (
				BC17A916210387F400FEFD5B /* Info.plist in Resources */,
				BC17A8EF2103857000FEFD5B /* LaunchScreen.storyboard in Resources */,
				BC17A8EC2103857000FEFD5B /* Assets.xcassets in Resources */,
				BC17A8EA2103857000FEFD5B /* Main.storyboard in Resources */,
			);
			runOnlyForDeploymentPostprocessing = 0;
		};
/* End PBXResourcesBuildPhase section */

/* Begin PBXSourcesBuildPhase section */
		BC17A8DB2103857000FEFD5B /* Sources */ = {
			isa = PBXSourcesBuildPhase;
			buildActionMask = 2147483647;
			files = (
				BC17A919210387F400FEFD5B /* MASConstraintMaker.m in Sources */,
				BC3DB9182104297B00422436 /* YMUsingViewController.m in Sources */,
				BC17A8E72103857000FEFD5B /* ViewController.m in Sources */,
				BC17A918210387F400FEFD5B /* MASConstraint.m in Sources */,
				BC17A920210387F400FEFD5B /* ViewController+MASAdditions.m in Sources */,
				BC17A91A210387F400FEFD5B /* MASLayoutConstraint.m in Sources */,
				BC3DB91E2104308100422436 /* YMAspectFItViewController.m in Sources */,
				BC17A91D210387F400FEFD5B /* NSArray+MASAdditions.m in Sources */,
				BC17A91C210387F400FEFD5B /* MASViewConstraint.m in Sources */,
				BC3DB90F21041B0200422436 /* YMBaseViewController.m in Sources */,
				BC17A91B210387F400FEFD5B /* MASViewAttribute.m in Sources */,
				BC3DB91B21042D0500422436 /* YMCompositeEdgesViewController.m in Sources */,
				BC3DB91221041B1D00422436 /* YMUpdateConstraintViewController.m in Sources */,
				BC17A91F210387F400FEFD5B /* View+MASAdditions.m in Sources */,
				BC17A8F22103857000FEFD5B /* main.m in Sources */,
				BC17A8E42103857000FEFD5B /* AppDelegate.m in Sources */,
				BC3DB9152104232300422436 /* YMRemakeViewController.m in Sources */,
				BC17A917210387F400FEFD5B /* MASCompositeConstraint.m in Sources */,
				BC17A91E210387F400FEFD5B /* NSLayoutConstraint+MASDebugAdditions.m in Sources */,
			);
			runOnlyForDeploymentPostprocessing = 0;
		};
/* End PBXSourcesBuildPhase section */

/* Begin PBXVariantGroup section */
		BC17A8E82103857000FEFD5B /* Main.storyboard */ = {
			isa = PBXVariantGroup;
			children = (
				BC17A8E92103857000FEFD5B /* Base */,
			);
			name = Main.storyboard;
			sourceTree = "<group>";
		};
		BC17A8ED2103857000FEFD5B /* LaunchScreen.storyboard */ = {
			isa = PBXVariantGroup;
			children = (
				BC17A8EE2103857000FEFD5B /* Base */,
			);
			name = LaunchScreen.storyboard;
			sourceTree = "<group>";
		};
/* End PBXVariantGroup section */

/* Begin XCBuildConfiguration section */
		BC17A8F32103857000FEFD5B /* Debug */ = {
			isa = XCBuildConfiguration;
			buildSettings = {
				ALWAYS_SEARCH_USER_PATHS = NO;
				CLANG_ANALYZER_NONNULL = YES;
				CLANG_ANALYZER_NUMBER_OBJECT_CONVERSION = YES_AGGRESSIVE;
				CLANG_CXX_LANGUAGE_STANDARD = "gnu++14";
				CLANG_CXX_LIBRARY = "libc++";
				CLANG_ENABLE_MODULES = YES;
				CLANG_ENABLE_OBJC_ARC = YES;
				CLANG_WARN_BLOCK_CAPTURE_AUTORELEASING = YES;
				CLANG_WARN_BOOL_CONVERSION = YES;
				CLANG_WARN_COMMA = YES;
				CLANG_WARN_CONSTANT_CONVERSION = YES;
				CLANG_WARN_DIRECT_OBJC_ISA_USAGE = YES_ERROR;
				CLANG_WARN_DOCUMENTATION_COMMENTS = YES;
				CLANG_WARN_EMPTY_BODY = YES;
				CLANG_WARN_ENUM_CONVERSION = YES;
				CLANG_WARN_INFINITE_RECURSION = YES;
				CLANG_WARN_INT_CONVERSION = YES;
				CLANG_WARN_NON_LITERAL_NULL_CONVERSION = YES;
				CLANG_WARN_OBJC_LITERAL_CONVERSION = YES;
				CLANG_WARN_OBJC_ROOT_CLASS = YES_ERROR;
				CLANG_WARN_RANGE_LOOP_ANALYSIS = YES;
				CLANG_WARN_STRICT_PROTOTYPES = YES;
				CLANG_WARN_SUSPICIOUS_MOVE = YES;
				CLANG_WARN_UNGUARDED_AVAILABILITY = YES_AGGRESSIVE;
				CLANG_WARN_UNREACHABLE_CODE = YES;
				CLANG_WARN__DUPLICATE_METHOD_MATCH = YES;
				CODE_SIGN_IDENTITY = "iPhone Developer";
				COPY_PHASE_STRIP = NO;
				DEBUG_INFORMATION_FORMAT = dwarf;
				ENABLE_STRICT_OBJC_MSGSEND = YES;
				ENABLE_TESTABILITY = YES;
				GCC_C_LANGUAGE_STANDARD = gnu11;
				GCC_DYNAMIC_NO_PIC = NO;
				GCC_NO_COMMON_BLOCKS = YES;
				GCC_OPTIMIZATION_LEVEL = 0;
				GCC_PREPROCESSOR_DEFINITIONS = (
					"DEBUG=1",
					"$(inherited)",
				);
				GCC_WARN_64_TO_32_BIT_CONVERSION = YES;
				GCC_WARN_ABOUT_RETURN_TYPE = YES_ERROR;
				GCC_WARN_UNDECLARED_SELECTOR = YES;
				GCC_WARN_UNINITIALIZED_AUTOS = YES_AGGRESSIVE;
				GCC_WARN_UNUSED_FUNCTION = YES;
				GCC_WARN_UNUSED_VARIABLE = YES;
				IPHONEOS_DEPLOYMENT_TARGET = 11.2;
				MTL_ENABLE_DEBUG_INFO = YES;
				ONLY_ACTIVE_ARCH = YES;
				SDKROOT = iphoneos;
			};
			name = Debug;
		};
		BC17A8F42103857000FEFD5B /* Release */ = {
			isa = XCBuildConfiguration;
			buildSettings = {
				ALWAYS_SEARCH_USER_PATHS = NO;
				CLANG_ANALYZER_NONNULL = YES;
				CLANG_ANALYZER_NUMBER_OBJECT_CONVERSION = YES_AGGRESSIVE;
				CLANG_CXX_LANGUAGE_STANDARD = "gnu++14";
				CLANG_CXX_LIBRARY = "libc++";
				CLANG_ENABLE_MODULES = YES;
				CLANG_ENABLE_OBJC_ARC = YES;
				CLANG_WARN_BLOCK_CAPTURE_AUTORELEASING = YES;
				CLANG_WARN_BOOL_CONVERSION = YES;
				CLANG_WARN_COMMA = YES;
				CLANG_WARN_CONSTANT_CONVERSION = YES;
				CLANG_WARN_DIRECT_OBJC_ISA_USAGE = YES_ERROR;
				CLANG_WARN_DOCUMENTATION_COMMENTS = YES;
				CLANG_WARN_EMPTY_BODY = YES;
				CLANG_WARN_ENUM_CONVERSION = YES;
				CLANG_WARN_INFINITE_RECURSION = YES;
				CLANG_WARN_INT_CONVERSION = YES;
				CLANG_WARN_NON_LITERAL_NULL_CONVERSION = YES;
				CLANG_WARN_OBJC_LITERAL_CONVERSION = YES;
				CLANG_WARN_OBJC_ROOT_CLASS = YES_ERROR;
				CLANG_WARN_RANGE_LOOP_ANALYSIS = YES;
				CLANG_WARN_STRICT_PROTOTYPES = YES;
				CLANG_WARN_SUSPICIOUS_MOVE = YES;
				CLANG_WARN_UNGUARDED_AVAILABILITY = YES_AGGRESSIVE;
				CLANG_WARN_UNREACHABLE_CODE = YES;
				CLANG_WARN__DUPLICATE_METHOD_MATCH = YES;
				CODE_SIGN_IDENTITY = "iPhone Developer";
				COPY_PHASE_STRIP = NO;
				DEBUG_INFORMATION_FORMAT = "dwarf-with-dsym";
				ENABLE_NS_ASSERTIONS = NO;
				ENABLE_STRICT_OBJC_MSGSEND = YES;
				GCC_C_LANGUAGE_STANDARD = gnu11;
				GCC_NO_COMMON_BLOCKS = YES;
				GCC_WARN_64_TO_32_BIT_CONVERSION = YES;
				GCC_WARN_ABOUT_RETURN_TYPE = YES_ERROR;
				GCC_WARN_UNDECLARED_SELECTOR = YES;
				GCC_WARN_UNINITIALIZED_AUTOS = YES_AGGRESSIVE;
				GCC_WARN_UNUSED_FUNCTION = YES;
				GCC_WARN_UNUSED_VARIABLE = YES;
				IPHONEOS_DEPLOYMENT_TARGET = 11.2;
				MTL_ENABLE_DEBUG_INFO = NO;
				SDKROOT = iphoneos;
				VALIDATE_PRODUCT = YES;
			};
			name = Release;
		};
		BC17A8F62103857000FEFD5B /* Debug */ = {
			isa = XCBuildConfiguration;
			buildSettings = {
				ASSETCATALOG_COMPILER_APPICON_NAME = AppIcon;
				CODE_SIGN_STYLE = Automatic;
				INFOPLIST_FILE = YMLayout/Info.plist;
				LD_RUNPATH_SEARCH_PATHS = "$(inherited) @executable_path/Frameworks";
				PRODUCT_BUNDLE_IDENTIFIER = "cym-bj.YMLayout";
				PRODUCT_NAME = "$(TARGET_NAME)";
				TARGETED_DEVICE_FAMILY = "1,2";
			};
			name = Debug;
		};
		BC17A8F72103857000FEFD5B /* Release */ = {
			isa = XCBuildConfiguration;
			buildSettings = {
				ASSETCATALOG_COMPILER_APPICON_NAME = AppIcon;
				CODE_SIGN_STYLE = Automatic;
				INFOPLIST_FILE = YMLayout/Info.plist;
				LD_RUNPATH_SEARCH_PATHS = "$(inherited) @executable_path/Frameworks";
				PRODUCT_BUNDLE_IDENTIFIER = "cym-bj.YMLayout";
				PRODUCT_NAME = "$(TARGET_NAME)";
				TARGETED_DEVICE_FAMILY = "1,2";
			};
			name = Release;
		};
/* End XCBuildConfiguration section */

/* Begin XCConfigurationList section */
		BC17A8DA2103857000FEFD5B /* Build configuration list for PBXProject "YMLayout" */ = {
			isa = XCConfigurationList;
			buildConfigurations = (
				BC17A8F32103857000FEFD5B /* Debug */,
				BC17A8F42103857000FEFD5B /* Release */,
			);
			defaultConfigurationIsVisible = 0;
			defaultConfigurationName = Release;
		};
		BC17A8F52103857000FEFD5B /* Build configuration list for PBXNativeTarget "YMLayout" */ = {
			isa = XCConfigurationList;
			buildConfigurations = (
				BC17A8F62103857000FEFD5B /* Debug */,
				BC17A8F72103857000FEFD5B /* Release */,
			);
			defaultConfigurationIsVisible = 0;
			defaultConfigurationName = Release;
		};
/* End XCConfigurationList section */
	};
	rootObject = BC17A8D72103857000FEFD5B /* Project object */;
}
